
Microsoft Visual Studio Solution File, Format Version 12.00
# Visual Studio 15
VisualStudioVersion = 15.0.26124.0
MinimumVisualStudioVersion = 15.0.26124.0
Project("{FAE04EC0-301F-11D3-BF4B-00C04F79EFBC}") = "MyMath", "MyMath\MyMath.csproj", "{2C5F2A85-F450-4E60-B7D6-8AD08C11B61C}"
EndProject
Project("{FAE04EC0-301F-11D3-BF4B-00C04F79EFBC}") = "MyMath.Tests", "MyMath.Tests\MyMath.Tests.csproj", "{3ADDC79D-0FBB-45D2-BC20-3E44731C2F0D}"
EndProject
Global
	GlobalSection(SolutionConfigurationPlatforms) = preSolution
		Debug|Any CPU = Debug|Any CPU
		Debug|x64 = Debug|x64
		Debug|x86 = Debug|x86
		Release|Any CPU = Release|Any CPU
		Release|x64 = Release|x64
		Release|x86 = Release|x86
	EndGlobalSection
	GlobalSection(SolutionProperties) = preSolution
		HideSolutionNode = FALSE
	EndGlobalSection
	GlobalSection(ProjectConfigurationPlatforms) = postSolution
		{2C5F2A85-F450-4E60-B7D6-8AD08C11B61C}.Debug|Any CPU.ActiveCfg = Debug|Any CPU
		{2C5F2A85-F450-4E60-B7D6-8AD08C11B61C}.Debug|Any CPU.Build.0 = Debug|Any CPU
		{2C5F2A85-F450-4E60-B7D6-8AD08C11B61C}.Debug|x64.ActiveCfg = Debug|Any CPU
		{2C5F2A85-F450-4E60-B7D6-8AD08C11B61C}.Debug|x64.Build.0 = Debug|Any CPU
		{2C5F2A85-F450-4E60-B7D6-8AD08C11B61C}.Debug|x86.ActiveCfg = Debug|Any CPU
		{2C5F2A85-F450-4E60-B7D6-8AD08C11B61C}.Debug|x86.Build.0 = Debug|Any CPU
		{2C5F2A85-F450-4E60-B7D6-8AD08C11B61C}.Release|Any CPU.ActiveCfg = Release|Any CPU
		{2C5F2A85-F450-4E60-B7D6-8AD08C11B61C}.Release|Any CPU.Build.0 = Release|Any CPU
		{2C5F2A85-F450-4E60-B7D6-8AD08C11B61C}.Release|x64.ActiveCfg = Release|Any CPU
		{2C5F2A85-F450-4E60-B7D6-8AD08C11B61C}.Release|x64.Build.0 = Release|Any CPU
		{2C5F2A85-F450-4E60-B7D6-8AD08C11B61C}.Release|x86.ActiveCfg = Release|Any CPU
		{2C5F2A85-F450-4E60-B7D6-8AD08C11B61C}.Release|x86.Build.0 = Release|Any CPU
		{3ADDC79D-0FBB-45D2-BC20-3E44731C2F0D}.Debug|Any CPU.ActiveCfg = Debug|Any CPU
		{3ADDC79D-0FBB-45D2-BC20-3E44731C2F0D}.Debug|Any CPU.Build.0 = Debug|Any CPU
		{3ADDC79D-0FBB-45D2-BC20-3E44731C2F0D}.Debug|x64.ActiveCfg = Debug|Any CPU
		{3ADDC79D-0FBB-45D2-BC20-3E44731C2F0D}.Debug|x64.Build.0 = Debug|Any CPU
		{3ADDC79D-0FBB-45D2-BC20-3E44731C2F0D}.Debug|x86.ActiveCfg = Debug|Any CPU
		{3ADDC79D-0FBB-45D2-BC20-3E44731C2F0D}.Debug|x86.Build.0 = Debug|Any CPU
		{3ADDC79D-0FBB-45D2-BC20-3E44731C2F0D}.Release|Any CPU.ActiveCfg = Release|Any CPU
		{3ADDC79D-0FBB-45D2-BC20-3E44731C2F0D}.Release|Any CPU.Build.0 = Release|Any CPU
		{3ADDC79D-0FBB-45D2-BC20-3E44731C2F0D}.Release|x64.ActiveCfg = Release|Any CPU
		{3ADDC79D-0FBB-45D2-BC20-3E44731C2F0D}.Release|x64.Build.0 = Release|Any CPU
		{3ADDC79D-0FBB-45D2-BC20-3E44731C2F0D}.Release|x86.ActiveCfg = Release|Any CPU
		{3ADDC79D-0FBB-45D2-BC20-3E44731C2F0D}.Release|x86.Build.0 = Release|Any CPU
	EndGlobalSection
EndGlobal
